// !$*UTF8*$!
{
	archiveVersion = 1;
	classes = {
	};
	objectVersion = 77;
	objects = {

/* Begin PBXBuildFile section */
		3ABAFFEE2FA8AA8B00099628 /* FirebaseAuth in Frameworks */ = {isa = PBXBuildFile; productRef = 3ABAFFED2FA8AA8B00099628 /* FirebaseAuth */; };
		3ABAFFF02FA8AA8B00099628 /* FirebaseCore in Frameworks */ = {isa = PBXBuildFile; productRef = 3ABAFFEF2FA8AA8B00099628 /* FirebaseCore */; };
		3ABAFFF22FA8AA8B00099628 /* FirebaseFirestore in Frameworks */ = {isa = PBXBuildFile; productRef = 3ABAFFF12FA8AA8B00099628 /* FirebaseFirestore */; };
		3ABAFFF42FA8AA8B00099628 /* FirebaseStorage in Frameworks */ = {isa = PBXBuildFile; productRef = 3ABAFFF32FA8AA8B00099628 /* FirebaseStorage */; };
		3ABAFFF72FA8DBDF00099628 /* GoogleSignIn in Frameworks */ = {isa = PBXBuildFile; productRef = 3ABAFFF62FA8DBDF00099628 /* GoogleSignIn */; };
		3ABAFFF92FA8DBDF00099628 /* GoogleSignInSwift in Frameworks */ = {isa = PBXBuildFile; productRef = 3ABAFFF82FA8DBDF00099628 /* GoogleSignInSwift */; };
/* End PBXBuildFile section */

/* Begin PBXContainerItemProxy section */
		3ABAFF802FA27B3C00099628 /* PBXContainerItemProxy */ = {
			isa = PBXContainerItemProxy;
			containerPortal = 3ABAFF682FA27B3900099628 /* Project object */;
			proxyType = 1;
			remoteGlobalIDString = 3ABAFF6F2FA27B3A00099628;
			remoteInfo = ReWear;
		};
		3ABAFF8A2FA27B3C00099628 /* PBXContainerItemProxy */ = {
			isa = PBXContainerItemProxy;
			containerPortal = 3ABAFF682FA27B3900099628 /* Project object */;
			proxyType = 1;
			remoteGlobalIDString = 3ABAFF6F2FA27B3A00099628;
			remoteInfo = ReWear;
		};
/* End PBXContainerItemProxy section */

/* Begin PBXFileReference section */
		3A4CC98E2FA93D68006A4D12 /* saar.gpx */ = {isa = PBXFileReference; lastKnownFileType = text.xml; name = saar.gpx; path = ../../saar.gpx; sourceTree = "<group>"; };
		3ABAFF702FA27B3A00099628 /* ReWear.app */ = {isa = PBXFileReference; explicitFileType = wrapper.application; includeInIndex = 0; path = ReWear.app; sourceTree = BUILT_PRODUCTS_DIR; };
		3ABAFF7F2FA27B3C00099628 /* ReWearTests.xctest */ = {isa = PBXFileReference; explicitFileType = wrapper.cfbundle; includeInIndex = 0; path = ReWearTests.xctest; sourceTree = BUILT_PRODUCTS_DIR; };
		3ABAFF892FA27B3C00099628 /* ReWearUITests.xctest */ = {isa = PBXFileReference; explicitFileType = wrapper.cfbundle; includeInIndex = 0; path = ReWearUITests.xctest; sourceTree = BUILT_PRODUCTS_DIR; };
/* End PBXFileReference section */

/* Begin PBXFileSystemSynchronizedBuildFileExceptionSet section */
		3ABA00012FA8E85B00099628 /* Exceptions for "ReWear" folder in "ReWear" target */ = {
			isa = PBXFileSystemSynchronizedBuildFileExceptionSet;
			membershipExceptions = (
				Info.plist,
			);
			target = 3ABAFF6F2FA27B3A00099628 /* ReWear */;
		};
/* End PBXFileSystemSynchronizedBuildFileExceptionSet section */

/* Begin PBXFileSystemSynchronizedRootGroup section */
		3ABAFF722FA27B3A00099628 /* ReWear */ = {
			isa = PBXFileSystemSynchronizedRootGroup;
			exceptions = (
				3ABA00012FA8E85B00099628 /* Exceptions for "ReWear" folder in "ReWear" target */,
			);
			path = ReWear;
			sourceTree = "<group>";
		};
		3ABAFF822FA27B3C00099628 /* ReWearTests */ = {
			isa = PBXFileSystemSynchronizedRootGroup;
			path = ReWearTests;
			sourceTree = "<group>";
		};
		3ABAFF8C2FA27B3C00099628 /* ReWearUITests */ = {
			isa = PBXFileSystemSynchronizedRootGroup;
			path = ReWearUITests;
			sourceTree = "<group>";
		};
/* End PBXFileSystemSynchronizedRootGroup section */

/* Begin PBXFrameworksBuildPhase section */
		3ABAFF6D2FA27B3A00099628 /* Frameworks */ = {
			isa = PBXFrameworksBuildPhase;
			buildActionMask = 2147483647;
			files = (
				3ABAFFF72FA8DBDF00099628 /* GoogleSignIn in Frameworks */,
				3ABAFFF02FA8AA8B00099628 /* FirebaseCore in Frameworks */,
				3ABAFFF42FA8AA8B00099628 /* FirebaseStorage in Frameworks */,
				3ABAFFF92FA8DBDF00099628 /* GoogleSignInSwift in Frameworks */,
				3ABAFFEE2FA8AA8B00099628 /* FirebaseAuth in Frameworks */,
				3ABAFFF22FA8AA8B00099628 /* FirebaseFirestore in Frameworks */,
			);
			runOnlyForDeploymentPostprocessing = 0;
		};
		3ABAFF7C2FA27B3C00099628 /* Frameworks */ = {
			isa = PBXFrameworksBuildPhase;
			buildActionMask = 2147483647;
			files = (
			);
			runOnlyForDeploymentPostprocessing = 0;
		};
		3ABAFF862FA27B3C00099628 /* Frameworks */ = {
			isa = PBXFrameworksBuildPhase;
			buildActionMask = 2147483647;
			files = (
			);
			runOnlyForDeploymentPostprocessing = 0;
		};
/* End PBXFrameworksBuildPhase section */

/* Begin PBXGroup section */
		3ABAFF672FA27B3900099628 = {
			isa = PBXGroup;
			children = (
				3A4CC98E2FA93D68006A4D12 /* saar.gpx */,
				3ABAFF722FA27B3A00099628 /* ReWear */,
				3ABAFF822FA27B3C00099628 /* ReWearTests */,
				3ABAFF8C2FA27B3C00099628 /* ReWearUITests */,
				3ABAFF712FA27B3A00099628 /* Products */,
			);
			sourceTree = "<group>";
		};
		3ABAFF712FA27B3A00099628 /* Products */ = {
			isa = PBXGroup;
			children = (
				3ABAFF702FA27B3A00099628 /* ReWear.app */,
				3ABAFF7F2FA27B3C00099628 /* ReWearTests.xctest */,
				3ABAFF892FA27B3C00099628 /* ReWearUITests.xctest */,
			);
			name = Products;
			sourceTree = "<group>";
		};
/* End PBXGroup section */

/* Begin PBXNativeTarget section */
		3ABAFF6F2FA27B3A00099628 /* ReWear */ = {
			isa = PBXNativeTarget;
			buildConfigurationList = 3ABAFF932FA27B3C00099628 /* Build configuration list for PBXNativeTarget "ReWear" */;
			buildPhases = (
				3ABAFF6C2FA27B3A00099628 /* Sources */,
				3ABAFF6D2FA27B3A00099628 /* Frameworks */,
				3ABAFF6E2FA27B3A00099628 /* Resources */,
			);
			buildRules = (
			);
			dependencies = (
			);
			fileSystemSynchronizedGroups = (
				3ABAFF722FA27B3A00099628 /* ReWear */,
			);
			name = ReWear;
			packageProductDependencies = (
				3ABAFFED2FA8AA8B00099628 /* FirebaseAuth */,
				3ABAFFEF2FA8AA8B00099628 /* FirebaseCore */,
				3ABAFFF12FA8AA8B00099628 /* FirebaseFirestore */,
				3ABAFFF32FA8AA8B00099628 /* FirebaseStorage */,
				3ABAFFF62FA8DBDF00099628 /* GoogleSignIn */,
				3ABAFFF82FA8DBDF00099628 /* GoogleSignInSwift */,
			);
			productName = ReWear;
			productReference = 3ABAFF702FA27B3A00099628 /* ReWear.app */;
			productType = "com.apple.product-type.application";
		};
		3ABAFF7E2FA27B3C00099628 /* ReWearTests */ = {
			isa = PBXNativeTarget;
			buildConfigurationList = 3ABAFF962FA27B3C00099628 /* Build configuration list for PBXNativeTarget "ReWearTests" */;
			buildPhases = (
				3ABAFF7B2FA27B3C00099628 /* Sources */,
				3ABAFF7C2FA27B3C00099628 /* Frameworks */,
				3ABAFF7D2FA27B3C00099628 /* Resources */,
			);
			buildRules = (
			);
			dependencies = (
				3ABAFF812FA27B3C00099628 /* PBXTargetDependency */,
			);
			fileSystemSynchronizedGroups = (
				3ABAFF822FA27B3C00099628 /* ReWearTests */,
			);
			name = ReWearTests;
			packageProductDependencies = (
			);
			productName = ReWearTests;
			productReference = 3ABAFF7F2FA27B3C00099628 /* ReWearTests.xctest */;
			productType = "com.apple.product-type.bundle.unit-test";
		};
		3ABAFF882FA27B3C00099628 /* ReWearUITests */ = {
			isa = PBXNativeTarget;
			buildConfigurationList = 3ABAFF992FA27B3C00099628 /* Build configuration list for PBXNativeTarget "ReWearUITests" */;
			buildPhases = (
				3ABAFF852FA27B3C00099628 /* Sources */,
				3ABAFF862FA27B3C00099628 /* Frameworks */,
				3ABAFF872FA27B3C00099628 /* Resources */,
			);
			buildRules = (
			);
			dependencies = (
				3ABAFF8B2FA27B3C00099628 /* PBXTargetDependency */,
			);
			fileSystemSynchronizedGroups = (
				3ABAFF8C2FA27B3C00099628 /* ReWearUITests */,
			);
			name = ReWearUITests;
			packageProductDependencies = (
			);
			productName = ReWearUITests;
			productReference = 3ABAFF892FA27B3C00099628 /* ReWearUITests.xctest */;
			productType = "com.apple.product-type.bundle.ui-testing";
		};
/* End PBXNativeTarget section */

/* Begin PBXProject section */
		3ABAFF682FA27B3900099628 /* Project object */ = {
			isa = PBXProject;
			attributes = {
				BuildIndependentTargetsInParallel = 1;
				LastSwiftUpdateCheck = 2620;
				LastUpgradeCheck = 2620;
				TargetAttributes = {
					3ABAFF6F2FA27B3A00099628 = {
						CreatedOnToolsVersion = 26.2;
					};
					3ABAFF7E2FA27B3C00099628 = {
						CreatedOnToolsVersion = 26.2;
						TestTargetID = 3ABAFF6F2FA27B3A00099628;
					};
					3ABAFF882FA27B3C00099628 = {
						CreatedOnToolsVersion = 26.2;
						TestTargetID = 3ABAFF6F2FA27B3A00099628;
					};
				};
			};
			buildConfigurationList = 3ABAFF6B2FA27B3900099628 /* Build configuration list for PBXProject "ReWear" */;
			developmentRegion = en;
			hasScannedForEncodings = 0;
			knownRegions = (
				en,
				Base,
			);
			mainGroup = 3ABAFF672FA27B3900099628;
			minimizedProjectReferenceProxies = 1;
			packageReferences = (
				3ABAFFEC2FA8AA8B00099628 /* XCRemoteSwiftPackageReference "firebase-ios-sdk" */,
				3ABAFFF52FA8DBDF00099628 /* XCRemoteSwiftPackageReference "GoogleSignIn-iOS" */,
			);
			preferredProjectObjectVersion = 77;
			productRefGroup = 3ABAFF712FA27B3A00099628 /* Products */;
			projectDirPath = "";
			projectRoot = "";
			targets = (
				3ABAFF6F2FA27B3A00099628 /* ReWear */,
				3ABAFF7E2FA27B3C00099628 /* ReWearTests */,
				3ABAFF882FA27B3C00099628 /* ReWearUITests */,
			);
		};
/* End PBXProject section */

/* Begin PBXResourcesBuildPhase section */
		3ABAFF6E2FA27B3A00099628 /* Resources */ = {
			isa = PBXResourcesBuildPhase;
			buildActionMask = 2147483647;
			files = (
			);
			runOnlyForDeploymentPostprocessing = 0;
		};
		3ABAFF7D2FA27B3C00099628 /* Resources */ = {
			isa = PBXResourcesBuildPhase;
			buildActionMask = 2147483647;
			files = (
			);
			runOnlyForDeploymentPostprocessing = 0;
		};
		3ABAFF872FA27B3C00099628 /* Resources */ = {
			isa = PBXResourcesBuildPhase;
			buildActionMask = 2147483647;
			files = (
			);
			runOnlyForDeploymentPostprocessing = 0;
		};
/* End PBXResourcesBuildPhase section */

/* Begin PBXSourcesBuildPhase section */
		3ABAFF6C2FA27B3A00099628 /* Sources */ = {
			isa = PBXSourcesBuildPhase;
			buildActionMask = 2147483647;
			files = (
			);
			runOnlyForDeploymentPostprocessing = 0;
		};
		3ABAFF7B2FA27B3C00099628 /* Sources */ = {
			isa = PBXSourcesBuildPhase;
			buildActionMask = 2147483647;
			files = (
			);
			runOnlyForDeploymentPostprocessing = 0;
		};
		3ABAFF852FA27B3C00099628 /* Sources */ = {
			isa = PBXSourcesBuildPhase;
			buildActionMask = 2147483647;
			files = (
			);
			runOnlyForDeploymentPostprocessing = 0;
		};
/* End PBXSourcesBuildPhase section */

/* Begin PBXTargetDependency section */
		3ABAFF812FA27B3C00099628 /* PBXTargetDependency */ = {
			isa = PBXTargetDependency;
			target = 3ABAFF6F2FA27B3A00099628 /* ReWear */;
			targetProxy = 3ABAFF802FA27B3C00099628 /* PBXContainerItemProxy */;
		};
		3ABAFF8B2FA27B3C00099628 /* PBXTargetDependency */ = {
			isa = PBXTargetDependency;
			target = 3ABAFF6F2FA27B3A00099628 /* ReWear */;
			targetProxy = 3ABAFF8A2FA27B3C00099628 /* PBXContainerItemProxy */;
		};
/* End PBXTargetDependency section */

/* Begin XCBuildConfiguration section */
		3ABAFF912FA27B3C00099628 /* Debug */ = {
			isa = XCBuildConfiguration;
			buildSettings = {
				ALWAYS_SEARCH_USER_PATHS = NO;
				ASSETCATALOG_COMPILER_GENERATE_SWIFT_ASSET_SYMBOL_EXTENSIONS = YES;
				CLANG_ANALYZER_NONNULL = YES;
				CLANG_ANALYZER_NUMBER_OBJECT_CONVERSION = YES_AGGRESSIVE;
				CLANG_CXX_LANGUAGE_STANDARD = "gnu++20";
				CLANG_ENABLE_MODULES = YES;
				CLANG_ENABLE_OBJC_ARC = YES;
				CLANG_ENABLE_OBJC_WEAK = YES;
				CLANG_WARN_BLOCK_CAPTURE_AUTORELEASING = YES;
				CLANG_WARN_BOOL_CONVERSION = YES;
				CLANG_WARN_COMMA = YES;
				CLANG_WARN_CONSTANT_CONVERSION = YES;
				CLANG_WARN_DEPRECATED_OBJC_IMPLEMENTATIONS = YES;
				CLANG_WARN_DIRECT_OBJC_ISA_USAGE = YES_ERROR;
				CLANG_WARN_DOCUMENTATION_COMMENTS = YES;
				CLANG_WARN_EMPTY_BODY = YES;
				CLANG_WARN_ENUM_CONVERSION = YES;
				CLANG_WARN_INFINITE_RECURSION = YES;
				CLANG_WARN_INT_CONVERSION = YES;
				CLANG_WARN_NON_LITERAL_NULL_CONVERSION = YES;
				CLANG_WARN_OBJC_IMPLICIT_RETAIN_SELF = YES;
				CLANG_WARN_OBJC_LITERAL_CONVERSION = YES;
				CLANG_WARN_OBJC_ROOT_CLASS = YES_ERROR;
				CLANG_WARN_QUOTED_INCLUDE_IN_FRAMEWORK_HEADER = YES;
				CLANG_WARN_RANGE_LOOP_ANALYSIS = YES;
				CLANG_WARN_STRICT_PROTOTYPES = YES;
				CLANG_WARN_SUSPICIOUS_MOVE = YES;
				CLANG_WARN_UNGUARDED_AVAILABILITY = YES_AGGRESSIVE;
				CLANG_WARN_UNREACHABLE_CODE = YES;
				CLANG_WARN__DUPLICATE_METHOD_MATCH = YES;
				COPY_PHASE_STRIP = NO;
				DEBUG_INFORMATION_FORMAT = dwarf;
				ENABLE_STRICT_OBJC_MSGSEND = YES;
				ENABLE_TESTABILITY = YES;
				ENABLE_USER_SCRIPT_SANDBOXING = YES;
				GCC_C_LANGUAGE_STANDARD = gnu17;
				GCC_DYNAMIC_NO_PIC = NO;
				GCC_NO_COMMON_BLOCKS = YES;
				GCC_OPTIMIZATION_LEVEL = 0;
				GCC_PREPROCESSOR_DEFINITIONS = (
					"DEBUG=1",
					"$(inherited)",
				);
				GCC_WARN_64_TO_32_BIT_CONVERSION = YES;
				GCC_WARN_ABOUT_RETURN_TYPE = YES_ERROR;
				GCC_WARN_UNDECLARED_SELECTOR = YES;
				GCC_WARN_UNINITIALIZED_AUTOS = YES_AGGRESSIVE;
				GCC_WARN_UNUSED_FUNCTION = YES;
				GCC_WARN_UNUSED_VARIABLE = YES;
				IPHONEOS_DEPLOYMENT_TARGET = 26.2;
				LOCALIZATION_PREFERS_STRING_CATALOGS = YES;
				MTL_ENABLE_DEBUG_INFO = INCLUDE_SOURCE;
				MTL_FAST_MATH = YES;
				ONLY_ACTIVE_ARCH = YES;
				SDKROOT = iphoneos;
				SWIFT_ACTIVE_COMPILATION_CONDITIONS = "DEBUG $(inherited)";
				SWIFT_OPTIMIZATION_LEVEL = "-Onone";
			};
			name = Debug;
		};
		3ABAFF922FA27B3C00099628 /* Release */ = {
			isa = XCBuildConfiguration;
			buildSettings = {
				ALWAYS_SEARCH_USER_PATHS = NO;
				ASSETCATALOG_COMPILER_GENERATE_SWIFT_ASSET_SYMBOL_EXTENSIONS = YES;
				CLANG_ANALYZER_NONNULL = YES;
				CLANG_ANALYZER_NUMBER_OBJECT_CONVERSION = YES_AGGRESSIVE;
				CLANG_CXX_LANGUAGE_STANDARD = "gnu++20";
				CLANG_ENABLE_MODULES = YES;
				CLANG_ENABLE_OBJC_ARC = YES;
				CLANG_ENABLE_OBJC_WEAK = YES;
				CLANG_WARN_BLOCK_CAPTURE_AUTORELEASING = YES;
				CLANG_WARN_BOOL_CONVERSION = YES;
				CLANG_WARN_COMMA = YES;
				CLANG_WARN_CONSTANT_CONVERSION = YES;
				CLANG_WARN_DEPRECATED_OBJC_IMPLEMENTATIONS = YES;
				CLANG_WARN_DIRECT_OBJC_ISA_USAGE = YES_ERROR;
				CLANG_WARN_DOCUMENTATION_COMMENTS = YES;
				CLANG_WARN_EMPTY_BODY = YES;
				CLANG_WARN_ENUM_CONVERSION = YES;
				CLANG_WARN_INFINITE_RECURSION = YES;
				CLANG_WARN_INT_CONVERSION = YES;
				CLANG_WARN_NON_LITERAL_NULL_CONVERSION = YES;
				CLANG_WARN_OBJC_IMPLICIT_RETAIN_SELF = YES;
				CLANG_WARN_OBJC_LITERAL_CONVERSION = YES;
				CLANG_WARN_OBJC_ROOT_CLASS = YES_ERROR;
				CLANG_WARN_QUOTED_INCLUDE_IN_FRAMEWORK_HEADER = YES;
				CLANG_WARN_RANGE_LOOP_ANALYSIS = YES;
				CLANG_WARN_STRICT_PROTOTYPES = YES;
				CLANG_WARN_SUSPICIOUS_MOVE = YES;
				CLANG_WARN_UNGUARDED_AVAILABILITY = YES_AGGRESSIVE;
				CLANG_WARN_UNREACHABLE_CODE = YES;
				CLANG_WARN__DUPLICATE_METHOD_MATCH = YES;
				COPY_PHASE_STRIP = NO;
				DEBUG_INFORMATION_FORMAT = "dwarf-with-dsym";
				ENABLE_NS_ASSERTIONS = NO;
				ENABLE_STRICT_OBJC_MSGSEND = YES;
				ENABLE_USER_SCRIPT_SANDBOXING = YES;
				GCC_C_LANGUAGE_STANDARD = gnu17;
				GCC_NO_COMMON_BLOCKS = YES;
				GCC_WARN_64_TO_32_BIT_CONVERSION = YES;
				GCC_WARN_ABOUT_RETURN_TYPE = YES_ERROR;
				GCC_WARN_UNDECLARED_SELECTOR = YES;
				GCC_WARN_UNINITIALIZED_AUTOS = YES_AGGRESSIVE;
				GCC_WARN_UNUSED_FUNCTION = YES;
				GCC_WARN_UNUSED_VARIABLE = YES;
				IPHONEOS_DEPLOYMENT_TARGET = 26.2;
				LOCALIZATION_PREFERS_STRING_CATALOGS = YES;
				MTL_ENABLE_DEBUG_INFO = NO;
				MTL_FAST_MATH = YES;
				SDKROOT = iphoneos;
				SWIFT_COMPILATION_MODE = wholemodule;
				VALIDATE_PRODUCT = YES;
			};
			name = Release;
		};
		3ABAFF942FA27B3C00099628 /* Debug */ = {
			isa = XCBuildConfiguration;
			buildSettings = {
				ASSETCATALOG_COMPILER_APPICON_NAME = AppIcon;
				ASSETCATALOG_COMPILER_GLOBAL_ACCENT_COLOR_NAME = AccentColor;
				CODE_SIGN_STYLE = Automatic;
				CURRENT_PROJECT_VERSION = 1;
				ENABLE_PREVIEWS = YES;
				GENERATE_INFOPLIST_FILE = YES;
				INFOPLIST_FILE = ReWear/Info.plist;
				INFOPLIST_KEY_UIApplicationSceneManifest_Generation = YES;
				INFOPLIST_KEY_UIApplicationSupportsIndirectInputEvents = YES;
				INFOPLIST_KEY_UILaunchScreen_Generation = YES;
				INFOPLIST_KEY_UISupportedInterfaceOrientations_iPad = "UIInterfaceOrientationPortrait UIInterfaceOrientationPortraitUpsideDown UIInterfaceOrientationLandscapeLeft UIInterfaceOrientationLandscapeRight";
				INFOPLIST_KEY_UISupportedInterfaceOrientations_iPhone = "UIInterfaceOrientationPortrait UIInterfaceOrientationLandscapeLeft UIInterfaceOrientationLandscapeRight";
				LD_RUNPATH_SEARCH_PATHS = (
					"$(inherited)",
					"@executable_path/Frameworks",
				);
				MARKETING_VERSION = 1.0;
				PRODUCT_BUNDLE_IDENTIFIER = hanawahban.ReWear;
				PRODUCT_NAME = "$(TARGET_NAME)";
				STRING_CATALOG_GENERATE_SYMBOLS = YES;
				SWIFT_APPROACHABLE_CONCURRENCY = YES;
				SWIFT_DEFAULT_ACTOR_ISOLATION = MainActor;
				SWIFT_EMIT_LOC_STRINGS = YES;
				SWIFT_UPCOMING_FEATURE_MEMBER_IMPORT_VISIBILITY = YES;
				SWIFT_VERSION = 5.0;
				TARGETED_DEVICE_FAMILY = "1,2";
			};
			name = Debug;
		};
		3ABAFF952FA27B3C00099628 /* Release */ = {
			isa = XCBuildConfiguration;
			buildSettings = {
				ASSETCATALOG_COMPILER_APPICON_NAME = AppIcon;
				ASSETCATALOG_COMPILER_GLOBAL_ACCENT_COLOR_NAME = AccentColor;
				CODE_SIGN_STYLE = Automatic;
				CURRENT_PROJECT_VERSION = 1;
				ENABLE_PREVIEWS = YES;
				GENERATE_INFOPLIST_FILE = YES;
				INFOPLIST_FILE = ReWear/Info.plist;
				INFOPLIST_KEY_UIApplicationSceneManifest_Generation = YES;
				INFOPLIST_KEY_UIApplicationSupportsIndirectInputEvents = YES;
				INFOPLIST_KEY_UILaunchScreen_Generation = YES;
				INFOPLIST_KEY_UISupportedInterfaceOrientations_iPad = "UIInterfaceOrientationPortrait UIInterfaceOrientationPortraitUpsideDown UIInterfaceOrientationLandscapeLeft UIInterfaceOrientationLandscapeRight";
				INFOPLIST_KEY_UISupportedInterfaceOrientations_iPhone = "UIInterfaceOrientationPortrait UIInterfaceOrientationLandscapeLeft UIInterfaceOrientationLandscapeRight";
				LD_RUNPATH_SEARCH_PATHS = (
					"$(inherited)",
					"@executable_path/Frameworks",
				);
				MARKETING_VERSION = 1.0;
				PRODUCT_BUNDLE_IDENTIFIER = hanawahban.ReWear;
				PRODUCT_NAME = "$(TARGET_NAME)";
				STRING_CATALOG_GENERATE_SYMBOLS = YES;
				SWIFT_APPROACHABLE_CONCURRENCY = YES;
				SWIFT_DEFAULT_ACTOR_ISOLATION = MainActor;
				SWIFT_EMIT_LOC_STRINGS = YES;
				SWIFT_UPCOMING_FEATURE_MEMBER_IMPORT_VISIBILITY = YES;
				SWIFT_VERSION = 5.0;
				TARGETED_DEVICE_FAMILY = "1,2";
			};
			name = Release;
		};
		3ABAFF972FA27B3C00099628 /* Debug */ = {
			isa = XCBuildConfiguration;
			buildSettings = {
				BUNDLE_LOADER = "$(TEST_HOST)";
				CODE_SIGN_STYLE = Automatic;
				CURRENT_PROJECT_VERSION = 1;
				GENERATE_INFOPLIST_FILE = YES;
				IPHONEOS_DEPLOYMENT_TARGET = 26.2;
				MARKETING_VERSION = 1.0;
				PRODUCT_BUNDLE_IDENTIFIER = hanawahban.ReWearTests;
				PRODUCT_NAME = "$(TARGET_NAME)";
				STRING_CATALOG_GENERATE_SYMBOLS = NO;
				SWIFT_APPROACHABLE_CONCURRENCY = YES;
				SWIFT_EMIT_LOC_STRINGS = NO;
				SWIFT_UPCOMING_FEATURE_MEMBER_IMPORT_VISIBILITY = YES;
				SWIFT_VERSION = 5.0;
				TARGETED_DEVICE_FAMILY = "1,2";
				TEST_HOST = "$(BUILT_PRODUCTS_DIR)/ReWear.app/$(BUNDLE_EXECUTABLE_FOLDER_PATH)/ReWear";
			};
			name = Debug;
		};
		3ABAFF982FA27B3C00099628 /* Release */ = {
			isa = XCBuildConfiguration;
			buildSettings = {
				BUNDLE_LOADER = "$(TEST_HOST)";
				CODE_SIGN_STYLE = Automatic;
				CURRENT_PROJECT_VERSION = 1;
				GENERATE_INFOPLIST_FILE = YES;
				IPHONEOS_DEPLOYMENT_TARGET = 26.2;
				MARKETING_VERSION = 1.0;
				PRODUCT_BUNDLE_IDENTIFIER = hanawahban.ReWearTests;
				PRODUCT_NAME = "$(TARGET_NAME)";
				STRING_CATALOG_GENERATE_SYMBOLS = NO;
				SWIFT_APPROACHABLE_CONCURRENCY = YES;
				SWIFT_EMIT_LOC_STRINGS = NO;
				SWIFT_UPCOMING_FEATURE_MEMBER_IMPORT_VISIBILITY = YES;
				SWIFT_VERSION = 5.0;
				TARGETED_DEVICE_FAMILY = "1,2";
				TEST_HOST = "$(BUILT_PRODUCTS_DIR)/ReWear.app/$(BUNDLE_EXECUTABLE_FOLDER_PATH)/ReWear";
			};
			name = Release;
		};
		3ABAFF9A2FA27B3C00099628 /* Debug */ = {
			isa = XCBuildConfiguration;
			buildSettings = {
				CODE_SIGN_STYLE = Automatic;
				CURRENT_PROJECT_VERSION = 1;
				GENERATE_INFOPLIST_FILE = YES;
				MARKETING_VERSION = 1.0;
				PRODUCT_BUNDLE_IDENTIFIER = hanawahban.ReWearUITests;
				PRODUCT_NAME = "$(TARGET_NAME)";
				STRING_CATALOG_GENERATE_SYMBOLS = NO;
				SWIFT_APPROACHABLE_CONCURRENCY = YES;
				SWIFT_EMIT_LOC_STRINGS = NO;
				SWIFT_UPCOMING_FEATURE_MEMBER_IMPORT_VISIBILITY = YES;
				SWIFT_VERSION = 5.0;
				TARGETED_DEVICE_FAMILY = "1,2";
				TEST_TARGET_NAME = ReWear;
			};
			name = Debug;
		};
		3ABAFF9B2FA27B3C00099628 /* Release */ = {
			isa = XCBuildConfiguration;
			buildSettings = {
				CODE_SIGN_STYLE = Automatic;
				CURRENT_PROJECT_VERSION = 1;
				GENERATE_INFOPLIST_FILE = YES;
				MARKETING_VERSION = 1.0;
				PRODUCT_BUNDLE_IDENTIFIER = hanawahban.ReWearUITests;
				PRODUCT_NAME = "$(TARGET_NAME)";
				STRING_CATALOG_GENERATE_SYMBOLS = NO;
				SWIFT_APPROACHABLE_CONCURRENCY = YES;
				SWIFT_EMIT_LOC_STRINGS = NO;
				SWIFT_UPCOMING_FEATURE_MEMBER_IMPORT_VISIBILITY = YES;
				SWIFT_VERSION = 5.0;
				TARGETED_DEVICE_FAMILY = "1,2";
				TEST_TARGET_NAME = ReWear;
			};
			name = Release;
		};
/* End XCBuildConfiguration section */

/* Begin XCConfigurationList section */
		3ABAFF6B2FA27B3900099628 /* Build configuration list for PBXProject "ReWear" */ = {
			isa = XCConfigurationList;
			buildConfigurations = (
				3ABAFF912FA27B3C00099628 /* Debug */,
				3ABAFF922FA27B3C00099628 /* Release */,
			);
			defaultConfigurationIsVisible = 0;
			defaultConfigurationName = Release;
		};
		3ABAFF932FA27B3C00099628 /* Build configuration list for PBXNativeTarget "ReWear" */ = {
			isa = XCConfigurationList;
			buildConfigurations = (
				3ABAFF942FA27B3C00099628 /* Debug */,
				3ABAFF952FA27B3C00099628 /* Release */,
			);
			defaultConfigurationIsVisible = 0;
			defaultConfigurationName = Release;
		};
		3ABAFF962FA27B3C00099628 /* Build configuration list for PBXNativeTarget "ReWearTests" */ = {
			isa = XCConfigurationList;
			buildConfigurations = (
				3ABAFF972FA27B3C00099628 /* Debug */,
				3ABAFF982FA27B3C00099628 /* Release */,
			);
			defaultConfigurationIsVisible = 0;
			defaultConfigurationName = Release;
		};
		3ABAFF992FA27B3C00099628 /* Build configuration list for PBXNativeTarget "ReWearUITests" */ = {
			isa = XCConfigurationList;
			buildConfigurations = (
				3ABAFF9A2FA27B3C00099628 /* Debug */,
				3ABAFF9B2FA27B3C00099628 /* Release */,
			);
			defaultConfigurationIsVisible = 0;
			defaultConfigurationName = Release;
		};
/* End XCConfigurationList section */

/* Begin XCRemoteSwiftPackageReference section */
		3ABAFFEC2FA8AA8B00099628 /* XCRemoteSwiftPackageReference "firebase-ios-sdk" */ = {
			isa = XCRemoteSwiftPackageReference;
			repositoryURL = "https://github.com/firebase/firebase-ios-sdk";
			requirement = {
				kind = upToNextMajorVersion;
				minimumVersion = 12.12.1;
			};
		};
		3ABAFFF52FA8DBDF00099628 /* XCRemoteSwiftPackageReference "GoogleSignIn-iOS" */ = {
			isa = XCRemoteSwiftPackageReference;
			repositoryURL = "https://github.com/google/GoogleSignIn-iOS";
			requirement = {
				kind = upToNextMajorVersion;
				minimumVersion = 9.1.0;
			};
		};
/* End XCRemoteSwiftPackageReference section */

/* Begin XCSwiftPackageProductDependency section */
		3ABAFFED2FA8AA8B00099628 /* FirebaseAuth */ = {
			isa = XCSwiftPackageProductDependency;
			package = 3ABAFFEC2FA8AA8B00099628 /* XCRemoteSwiftPackageReference "firebase-ios-sdk" */;
			productName = FirebaseAuth;
		};
		3ABAFFEF2FA8AA8B00099628 /* FirebaseCore */ = {
			isa = XCSwiftPackageProductDependency;
			package = 3ABAFFEC2FA8AA8B00099628 /* XCRemoteSwiftPackageReference "firebase-ios-sdk" */;
			productName = FirebaseCore;
		};
		3ABAFFF12FA8AA8B00099628 /* FirebaseFirestore */ = {
			isa = XCSwiftPackageProductDependency;
			package = 3ABAFFEC2FA8AA8B00099628 /* XCRemoteSwiftPackageReference "firebase-ios-sdk" */;
			productName = FirebaseFirestore;
		};
		3ABAFFF32FA8AA8B00099628 /* FirebaseStorage */ = {
			isa = XCSwiftPackageProductDependency;
			package = 3ABAFFEC2FA8AA8B00099628 /* XCRemoteSwiftPackageReference "firebase-ios-sdk" */;
			productName = FirebaseStorage;
		};
		3ABAFFF62FA8DBDF00099628 /* GoogleSignIn */ = {
			isa = XCSwiftPackageProductDependency;
			package = 3ABAFFF52FA8DBDF00099628 /* XCRemoteSwiftPackageReference "GoogleSignIn-iOS" */;
			productName = GoogleSignIn;
		};
		3ABAFFF82FA8DBDF00099628 /* GoogleSignInSwift */ = {
			isa = XCSwiftPackageProductDependency;
			package = 3ABAFFF52FA8DBDF00099628 /* XCRemoteSwiftPackageReference "GoogleSignIn-iOS" */;
			productName = GoogleSignInSwift;
		};
/* End XCSwiftPackageProductDependency section */
	};
	rootObject = 3ABAFF682FA27B3900099628 /* Project object */;
}
